// !$*UTF8*$!
{
	archiveVersion = 1;
	classes = {
	};
	objectVersion = 56;
	objects = {

/* Begin PBXBuildFile section */
		099E7D682D015D06008D3DFE /* SmallFFmpegLocalApp.swift in Sources */ = {isa = PBXBuildFile; fileRef = 099E7D672D015D06008D3DFE /* SmallFFmpegLocalApp.swift */; };
		099E7D6A2D015D06008D3DFE /* ContentView.swift in Sources */ = {isa = PBXBuildFile; fileRef = 099E7D692D015D06008D3DFE /* ContentView.swift */; };
		099E7D6C2D015D09008D3DFE /* Assets.xcassets in Resources */ = {isa = PBXBuildFile; fileRef = 099E7D6B2D015D09008D3DFE /* Assets.xcassets */; };
		099E7D6F2D015D09008D3DFE /* Preview Assets.xcassets in Resources */ = {isa = PBXBuildFile; fileRef = 099E7D6E2D015D09008D3DFE /* Preview Assets.xcassets */; };
		099E7D782D015E07008D3DFE /* ffmpegkit.framework in Frameworks */ = {isa = PBXBuildFile; fileRef = 099E7D762D015DD5008D3DFE /* ffmpegkit.framework */; };
		099E7D792D015E07008D3DFE /* ffmpegkit.framework in Embed Frameworks */ = {isa = PBXBuildFile; fileRef = 099E7D762D015DD5008D3DFE /* ffmpegkit.framework */; settings = {ATTRIBUTES = (CodeSignOnCopy, RemoveHeadersOnCopy, ); }; };
		099E7D892D015EDC008D3DFE /* libavcodec.framework in Frameworks */ = {isa = PBXBuildFile; fileRef = 099E7D7D2D015ECA008D3DFE /* libavcodec.framework */; };
		099E7D8A2D015EDC008D3DFE /* libavcodec.framework in Embed Frameworks */ = {isa = PBXBuildFile; fileRef = 099E7D7D2D015ECA008D3DFE /* libavcodec.framework */; settings = {ATTRIBUTES = (CodeSignOnCopy, RemoveHeadersOnCopy, ); }; };
		099E7D8B2D015EDE008D3DFE /* libavdevice.framework in Frameworks */ = {isa = PBXBuildFile; fileRef = 099E7D812D015ECC008D3DFE /* libavdevice.framework */; };
		099E7D8C2D015EDE008D3DFE /* libavdevice.framework in Embed Frameworks */ = {isa = PBXBuildFile; fileRef = 099E7D812D015ECC008D3DFE /* libavdevice.framework */; settings = {ATTRIBUTES = (CodeSignOnCopy, RemoveHeadersOnCopy, ); }; };
		099E7D8D2D015EDF008D3DFE /* libavfilter.framework in Frameworks */ = {isa = PBXBuildFile; fileRef = 099E7D7C2D015EC9008D3DFE /* libavfilter.framework */; };
		099E7D8E2D015EDF008D3DFE /* libavfilter.framework in Embed Frameworks */ = {isa = PBXBuildFile; fileRef = 099E7D7C2D015EC9008D3DFE /* libavfilter.framework */; settings = {ATTRIBUTES = (CodeSignOnCopy, RemoveHeadersOnCopy, ); }; };
		099E7D8F2D015EE0008D3DFE /* libavformat.framework in Frameworks */ = {isa = PBXBuildFile; fileRef = 099E7D7F2D015ECB008D3DFE /* libavformat.framework */; };
		099E7D902D015EE0008D3DFE /* libavformat.framework in Embed Frameworks */ = {isa = PBXBuildFile; fileRef = 099E7D7F2D015ECB008D3DFE /* libavformat.framework */; settings = {ATTRIBUTES = (CodeSignOnCopy, RemoveHeadersOnCopy, ); }; };
		099E7D912D015EE2008D3DFE /* libavutil.framework in Frameworks */ = {isa = PBXBuildFile; fileRef = 099E7D7E2D015ECB008D3DFE /* libavutil.framework */; };
		099E7D922D015EE2008D3DFE /* libavutil.framework in Embed Frameworks */ = {isa = PBXBuildFile; fileRef = 099E7D7E2D015ECB008D3DFE /* libavutil.framework */; settings = {ATTRIBUTES = (CodeSignOnCopy, RemoveHeadersOnCopy, ); }; };
		099E7D932D015EE3008D3DFE /* libswresample.framework in Frameworks */ = {isa = PBXBuildFile; fileRef = 099E7D802D015ECC008D3DFE /* libswresample.framework */; };
		099E7D942D015EE3008D3DFE /* libswresample.framework in Embed Frameworks */ = {isa = PBXBuildFile; fileRef = 099E7D802D015ECC008D3DFE /* libswresample.framework */; settings = {ATTRIBUTES = (CodeSignOnCopy, RemoveHeadersOnCopy, ); }; };
		099E7D952D015EE5008D3DFE /* libswscale.framework in Frameworks */ = {isa = PBXBuildFile; fileRef = 099E7D7B2D015EC8008D3DFE /* libswscale.framework */; };
		099E7D962D015EE5008D3DFE /* libswscale.framework in Embed Frameworks */ = {isa = PBXBuildFile; fileRef = 099E7D7B2D015EC8008D3DFE /* libswscale.framework */; settings = {ATTRIBUTES = (CodeSignOnCopy, RemoveHeadersOnCopy, ); }; };
/* End PBXBuildFile section */

/* Begin PBXCopyFilesBuildPhase section */
		099E7D7A2D015E07008D3DFE /* Embed Frameworks */ = {
			isa = PBXCopyFilesBuildPhase;
			buildActionMask = 2147483647;
			dstPath = "";
			dstSubfolderSpec = 10;
			files = (
				099E7D8A2D015EDC008D3DFE /* libavcodec.framework in Embed Frameworks */,
				099E7D962D015EE5008D3DFE /* libswscale.framework in Embed Frameworks */,
				099E7D902D015EE0008D3DFE /* libavformat.framework in Embed Frameworks */,
				099E7D8E2D015EDF008D3DFE /* libavfilter.framework in Embed Frameworks */,
				099E7D8C2D015EDE008D3DFE /* libavdevice.framework in Embed Frameworks */,
				099E7D942D015EE3008D3DFE /* libswresample.framework in Embed Frameworks */,
				099E7D792D015E07008D3DFE /* ffmpegkit.framework in Embed Frameworks */,
				099E7D922D015EE2008D3DFE /* libavutil.framework in Embed Frameworks */,
			);
			name = "Embed Frameworks";
			runOnlyForDeploymentPostprocessing = 0;
		};
/* End PBXCopyFilesBuildPhase section */

/* Begin PBXFileReference section */
		099E7D642D015D06008D3DFE /* SmallFFmpegLocal.app */ = {isa = PBXFileReference; explicitFileType = wrapper.application; includeInIndex = 0; path = SmallFFmpegLocal.app; sourceTree = BUILT_PRODUCTS_DIR; };
		099E7D672D015D06008D3DFE /* SmallFFmpegLocalApp.swift */ = {isa = PBXFileReference; lastKnownFileType = sourcecode.swift; path = SmallFFmpegLocalApp.swift; sourceTree = "<group>"; };
		099E7D692D015D06008D3DFE /* ContentView.swift */ = {isa = PBXFileReference; lastKnownFileType = sourcecode.swift; path = ContentView.swift; sourceTree = "<group>"; };
		099E7D6B2D015D09008D3DFE /* Assets.xcassets */ = {isa = PBXFileReference; lastKnownFileType = folder.assetcatalog; path = Assets.xcassets; sourceTree = "<group>"; };
		099E7D6E2D015D09008D3DFE /* Preview Assets.xcassets */ = {isa = PBXFileReference; lastKnownFileType = folder.assetcatalog; path = "Preview Assets.xcassets"; sourceTree = "<group>"; };
		099E7D702D015D09008D3DFE /* SmallFFmpegLocal.entitlements */ = {isa = PBXFileReference; lastKnownFileType = text.plist.entitlements; path = SmallFFmpegLocal.entitlements; sourceTree = "<group>"; };
		099E7D762D015DD5008D3DFE /* ffmpegkit.framework */ = {isa = PBXFileReference; lastKnownFileType = wrapper.framework; path = ffmpegkit.framework; sourceTree = "<group>"; };
		099E7D7B2D015EC8008D3DFE /* libswscale.framework */ = {isa = PBXFileReference; lastKnownFileType = wrapper.framework; path = libswscale.framework; sourceTree = "<group>"; };
		099E7D7C2D015EC9008D3DFE /* libavfilter.framework */ = {isa = PBXFileReference; lastKnownFileType = wrapper.framework; path = libavfilter.framework; sourceTree = "<group>"; };
		099E7D7D2D015ECA008D3DFE /* libavcodec.framework */ = {isa = PBXFileReference; lastKnownFileType = wrapper.framework; path = libavcodec.framework; sourceTree = "<group>"; };
		099E7D7E2D015ECB008D3DFE /* libavutil.framework */ = {isa = PBXFileReference; lastKnownFileType = wrapper.framework; path = libavutil.framework; sourceTree = "<group>"; };
		099E7D7F2D015ECB008D3DFE /* libavformat.framework */ = {isa = PBXFileReference; lastKnownFileType = wrapper.framework; path = libavformat.framework; sourceTree = "<group>"; };
		099E7D802D015ECC008D3DFE /* libswresample.framework */ = {isa = PBXFileReference; lastKnownFileType = wrapper.framework; path = libswresample.framework; sourceTree = "<group>"; };
		099E7D812D015ECC008D3DFE /* libavdevice.framework */ = {isa = PBXFileReference; lastKnownFileType = wrapper.framework; path = libavdevice.framework; sourceTree = "<group>"; };
/* End PBXFileReference section */

/* Begin PBXFrameworksBuildPhase section */
		099E7D612D015D06008D3DFE /* Frameworks */ = {
			isa = PBXFrameworksBuildPhase;
			buildActionMask = 2147483647;
			files = (
				099E7D8F2D015EE0008D3DFE /* libavformat.framework in Frameworks */,
				099E7D952D015EE5008D3DFE /* libswscale.framework in Frameworks */,
				099E7D782D015E07008D3DFE /* ffmpegkit.framework in Frameworks */,
				099E7D912D015EE2008D3DFE /* libavutil.framework in Frameworks */,
				099E7D892D015EDC008D3DFE /* libavcodec.framework in Frameworks */,
				099E7D8D2D015EDF008D3DFE /* libavfilter.framework in Frameworks */,
				099E7D932D015EE3008D3DFE /* libswresample.framework in Frameworks */,
				099E7D8B2D015EDE008D3DFE /* libavdevice.framework in Frameworks */,
			);
			runOnlyForDeploymentPostprocessing = 0;
		};
/* End PBXFrameworksBuildPhase section */

/* Begin PBXGroup section */
		099E7D5B2D015D06008D3DFE = {
			isa = PBXGroup;
			children = (
				099E7D662D015D06008D3DFE /* SmallFFmpegLocal */,
				099E7D652D015D06008D3DFE /* Products */,
			);
			sourceTree = "<group>";
		};
		099E7D652D015D06008D3DFE /* Products */ = {
			isa = PBXGroup;
			children = (
				099E7D642D015D06008D3DFE /* SmallFFmpegLocal.app */,
			);
			name = Products;
			sourceTree = "<group>";
		};
		099E7D662D015D06008D3DFE /* SmallFFmpegLocal */ = {
			isa = PBXGroup;
			children = (
				099E7D762D015DD5008D3DFE /* ffmpegkit.framework */,
				099E7D7D2D015ECA008D3DFE /* libavcodec.framework */,
				099E7D812D015ECC008D3DFE /* libavdevice.framework */,
				099E7D7C2D015EC9008D3DFE /* libavfilter.framework */,
				099E7D7F2D015ECB008D3DFE /* libavformat.framework */,
				099E7D7E2D015ECB008D3DFE /* libavutil.framework */,
				099E7D802D015ECC008D3DFE /* libswresample.framework */,
				099E7D7B2D015EC8008D3DFE /* libswscale.framework */,
				099E7D672D015D06008D3DFE /* SmallFFmpegLocalApp.swift */,
				099E7D692D015D06008D3DFE /* ContentView.swift */,
				099E7D6B2D015D09008D3DFE /* Assets.xcassets */,
				099E7D702D015D09008D3DFE /* SmallFFmpegLocal.entitlements */,
				099E7D6D2D015D09008D3DFE /* Preview Content */,
			);
			path = SmallFFmpegLocal;
			sourceTree = "<group>";
		};
		099E7D6D2D015D09008D3DFE /* Preview Content */ = {
			isa = PBXGroup;
			children = (
				099E7D6E2D015D09008D3DFE /* Preview Assets.xcassets */,
			);
			path = "Preview Content";
			sourceTree = "<group>";
		};
/* End PBXGroup section */

/* Begin PBXNativeTarget section */
		099E7D632D015D06008D3DFE /* SmallFFmpegLocal */ = {
			isa = PBXNativeTarget;
			buildConfigurationList = 099E7D732D015D09008D3DFE /* Build configuration list for PBXNativeTarget "SmallFFmpegLocal" */;
			buildPhases = (
				099E7D602D015D06008D3DFE /* Sources */,
				099E7D612D015D06008D3DFE /* Frameworks */,
				099E7D622D015D06008D3DFE /* Resources */,
				099E7D7A2D015E07008D3DFE /* Embed Frameworks */,
			);
			buildRules = (
			);
			dependencies = (
			);
			name = SmallFFmpegLocal;
			productName = SmallFFmpegLocal;
			productReference = 099E7D642D015D06008D3DFE /* SmallFFmpegLocal.app */;
			productType = "com.apple.product-type.application";
		};
/* End PBXNativeTarget section */

/* Begin PBXProject section */
		099E7D5C2D015D06008D3DFE /* Project object */ = {
			isa = PBXProject;
			attributes = {
				BuildIndependentTargetsInParallel = 1;
				LastSwiftUpdateCheck = 1420;
				LastUpgradeCheck = 1420;
				TargetAttributes = {
					099E7D632D015D06008D3DFE = {
						CreatedOnToolsVersion = 14.2;
					};
				};
			};
			buildConfigurationList = 099E7D5F2D015D06008D3DFE /* Build configuration list for PBXProject "SmallFFmpegLocal" */;
			compatibilityVersion = "Xcode 14.0";
			developmentRegion = en;
			hasScannedForEncodings = 0;
			knownRegions = (
				en,
				Base,
			);
			mainGroup = 099E7D5B2D015D06008D3DFE;
			productRefGroup = 099E7D652D015D06008D3DFE /* Products */;
			projectDirPath = "";
			projectRoot = "";
			targets = (
				099E7D632D015D06008D3DFE /* SmallFFmpegLocal */,
			);
		};
/* End PBXProject section */

/* Begin PBXResourcesBuildPhase section */
		099E7D622D015D06008D3DFE /* Resources */ = {
			isa = PBXResourcesBuildPhase;
			buildActionMask = 2147483647;
			files = (
				099E7D6F2D015D09008D3DFE /* Preview Assets.xcassets in Resources */,
				099E7D6C2D015D09008D3DFE /* Assets.xcassets in Resources */,
			);
			runOnlyForDeploymentPostprocessing = 0;
		};
/* End PBXResourcesBuildPhase section */

/* Begin PBXSourcesBuildPhase section */
		099E7D602D015D06008D3DFE /* Sources */ = {
			isa = PBXSourcesBuildPhase;
			buildActionMask = 2147483647;
			files = (
				099E7D6A2D015D06008D3DFE /* ContentView.swift in Sources */,
				099E7D682D015D06008D3DFE /* SmallFFmpegLocalApp.swift in Sources */,
			);
			runOnlyForDeploymentPostprocessing = 0;
		};
/* End PBXSourcesBuildPhase section */

/* Begin XCBuildConfiguration section */
		099E7D712D015D09008D3DFE /* Debug */ = {
			isa = XCBuildConfiguration;
			buildSettings = {
				ALWAYS_SEARCH_USER_PATHS = NO;
				CLANG_ANALYZER_NONNULL = YES;
				CLANG_ANALYZER_NUMBER_OBJECT_CONVERSION = YES_AGGRESSIVE;
				CLANG_CXX_LANGUAGE_STANDARD = "gnu++20";
				CLANG_ENABLE_MODULES = YES;
				CLANG_ENABLE_OBJC_ARC = YES;
				CLANG_ENABLE_OBJC_WEAK = YES;
				CLANG_WARN_BLOCK_CAPTURE_AUTORELEASING = YES;
				CLANG_WARN_BOOL_CONVERSION = YES;
				CLANG_WARN_COMMA = YES;
				CLANG_WARN_CONSTANT_CONVERSION = YES;
				CLANG_WARN_DEPRECATED_OBJC_IMPLEMENTATIONS = YES;
				CLANG_WARN_DIRECT_OBJC_ISA_USAGE = YES_ERROR;
				CLANG_WARN_DOCUMENTATION_COMMENTS = YES;
				CLANG_WARN_EMPTY_BODY = YES;
				CLANG_WARN_ENUM_CONVERSION = YES;
				CLANG_WARN_INFINITE_RECURSION = YES;
				CLANG_WARN_INT_CONVERSION = YES;
				CLANG_WARN_NON_LITERAL_NULL_CONVERSION = YES;
				CLANG_WARN_OBJC_IMPLICIT_RETAIN_SELF = YES;
				CLANG_WARN_OBJC_LITERAL_CONVERSION = YES;
				CLANG_WARN_OBJC_ROOT_CLASS = YES_ERROR;
				CLANG_WARN_QUOTED_INCLUDE_IN_FRAMEWORK_HEADER = YES;
				CLANG_WARN_RANGE_LOOP_ANALYSIS = YES;
				CLANG_WARN_STRICT_PROTOTYPES = YES;
				CLANG_WARN_SUSPICIOUS_MOVE = YES;
				CLANG_WARN_UNGUARDED_AVAILABILITY = YES_AGGRESSIVE;
				CLANG_WARN_UNREACHABLE_CODE = YES;
				CLANG_WARN__DUPLICATE_METHOD_MATCH = YES;
				COPY_PHASE_STRIP = NO;
				DEBUG_INFORMATION_FORMAT = dwarf;
				ENABLE_STRICT_OBJC_MSGSEND = YES;
				ENABLE_TESTABILITY = YES;
				GCC_C_LANGUAGE_STANDARD = gnu11;
				GCC_DYNAMIC_NO_PIC = NO;
				GCC_NO_COMMON_BLOCKS = YES;
				GCC_OPTIMIZATION_LEVEL = 0;
				GCC_PREPROCESSOR_DEFINITIONS = (
					"DEBUG=1",
					"$(inherited)",
				);
				GCC_WARN_64_TO_32_BIT_CONVERSION = YES;
				GCC_WARN_ABOUT_RETURN_TYPE = YES_ERROR;
				GCC_WARN_UNDECLARED_SELECTOR = YES;
				GCC_WARN_UNINITIALIZED_AUTOS = YES_AGGRESSIVE;
				GCC_WARN_UNUSED_FUNCTION = YES;
				GCC_WARN_UNUSED_VARIABLE = YES;
				MACOSX_DEPLOYMENT_TARGET = 12.7;
				MTL_ENABLE_DEBUG_INFO = INCLUDE_SOURCE;
				MTL_FAST_MATH = YES;
				ONLY_ACTIVE_ARCH = YES;
				SDKROOT = macosx;
				SWIFT_ACTIVE_COMPILATION_CONDITIONS = DEBUG;
				SWIFT_OPTIMIZATION_LEVEL = "-Onone";
			};
			name = Debug;
		};
		099E7D722D015D09008D3DFE /* Release */ = {
			isa = XCBuildConfiguration;
			buildSettings = {
				ALWAYS_SEARCH_USER_PATHS = NO;
				CLANG_ANALYZER_NONNULL = YES;
				CLANG_ANALYZER_NUMBER_OBJECT_CONVERSION = YES_AGGRESSIVE;
				CLANG_CXX_LANGUAGE_STANDARD = "gnu++20";
				CLANG_ENABLE_MODULES = YES;
				CLANG_ENABLE_OBJC_ARC = YES;
				CLANG_ENABLE_OBJC_WEAK = YES;
				CLANG_WARN_BLOCK_CAPTURE_AUTORELEASING = YES;
				CLANG_WARN_BOOL_CONVERSION = YES;
				CLANG_WARN_COMMA = YES;
				CLANG_WARN_CONSTANT_CONVERSION = YES;
				CLANG_WARN_DEPRECATED_OBJC_IMPLEMENTATIONS = YES;
				CLANG_WARN_DIRECT_OBJC_ISA_USAGE = YES_ERROR;
				CLANG_WARN_DOCUMENTATION_COMMENTS = YES;
				CLANG_WARN_EMPTY_BODY = YES;
				CLANG_WARN_ENUM_CONVERSION = YES;
				CLANG_WARN_INFINITE_RECURSION = YES;
				CLANG_WARN_INT_CONVERSION = YES;
				CLANG_WARN_NON_LITERAL_NULL_CONVERSION = YES;
				CLANG_WARN_OBJC_IMPLICIT_RETAIN_SELF = YES;
				CLANG_WARN_OBJC_LITERAL_CONVERSION = YES;
				CLANG_WARN_OBJC_ROOT_CLASS = YES_ERROR;
				CLANG_WARN_QUOTED_INCLUDE_IN_FRAMEWORK_HEADER = YES;
				CLANG_WARN_RANGE_LOOP_ANALYSIS = YES;
				CLANG_WARN_STRICT_PROTOTYPES = YES;
				CLANG_WARN_SUSPICIOUS_MOVE = YES;
				CLANG_WARN_UNGUARDED_AVAILABILITY = YES_AGGRESSIVE;
				CLANG_WARN_UNREACHABLE_CODE = YES;
				CLANG_WARN__DUPLICATE_METHOD_MATCH = YES;
				COPY_PHASE_STRIP = NO;
				DEBUG_INFORMATION_FORMAT = "dwarf-with-dsym";
				ENABLE_NS_ASSERTIONS = NO;
				ENABLE_STRICT_OBJC_MSGSEND = YES;
				GCC_C_LANGUAGE_STANDARD = gnu11;
				GCC_NO_COMMON_BLOCKS = YES;
				GCC_WARN_64_TO_32_BIT_CONVERSION = YES;
				GCC_WARN_ABOUT_RETURN_TYPE = YES_ERROR;
				GCC_WARN_UNDECLARED_SELECTOR = YES;
				GCC_WARN_UNINITIALIZED_AUTOS = YES_AGGRESSIVE;
				GCC_WARN_UNUSED_FUNCTION = YES;
				GCC_WARN_UNUSED_VARIABLE = YES;
				MACOSX_DEPLOYMENT_TARGET = 12.7;
				MTL_ENABLE_DEBUG_INFO = NO;
				MTL_FAST_MATH = YES;
				SDKROOT = macosx;
				SWIFT_COMPILATION_MODE = wholemodule;
				SWIFT_OPTIMIZATION_LEVEL = "-O";
			};
			name = Release;
		};
		099E7D742D015D09008D3DFE /* Debug */ = {
			isa = XCBuildConfiguration;
			buildSettings = {
				ASSETCATALOG_COMPILER_APPICON_NAME = AppIcon;
				ASSETCATALOG_COMPILER_GLOBAL_ACCENT_COLOR_NAME = AccentColor;
				CODE_SIGN_ENTITLEMENTS = SmallFFmpegLocal/SmallFFmpegLocal.entitlements;
				CODE_SIGN_STYLE = Automatic;
				COMBINE_HIDPI_IMAGES = YES;
				CURRENT_PROJECT_VERSION = 1;
				DEVELOPMENT_ASSET_PATHS = "\"SmallFFmpegLocal/Preview Content\"";
				DEVELOPMENT_TEAM = RK8YJ5ZZB6;
				ENABLE_HARDENED_RUNTIME = YES;
				ENABLE_PREVIEWS = YES;
				FRAMEWORK_SEARCH_PATHS = (
					"$(inherited)",
					"$(PROJECT_DIR)/SmallFFmpegLocal/**",
					"/Users/josevigil/repos/ffmpeg-kit-4.5.lts/prebuilt/bundle-apple-framework-macos/**",
					"$(PROJECT_DIR)/SmallFFmpegLocal",
				);
				GENERATE_INFOPLIST_FILE = YES;
				INFOPLIST_KEY_NSHumanReadableCopyright = "";
				LD_RUNPATH_SEARCH_PATHS = (
					"$(inherited)",
					"@executable_path/../Frameworks",
				);
				MARKETING_VERSION = 1.0;
				PRODUCT_BUNDLE_IDENTIFIER = com.notimaton.SmallFFmpegLocal;
				PRODUCT_NAME = "$(TARGET_NAME)";
				SWIFT_EMIT_LOC_STRINGS = YES;
				SWIFT_VERSION = 5.0;
			};
			name = Debug;
		};
		099E7D752D015D09008D3DFE /* Release */ = {
			isa = XCBuildConfiguration;
			buildSettings = {
				ASSETCATALOG_COMPILER_APPICON_NAME = AppIcon;
				ASSETCATALOG_COMPILER_GLOBAL_ACCENT_COLOR_NAME = AccentColor;
				CODE_SIGN_ENTITLEMENTS = SmallFFmpegLocal/SmallFFmpegLocal.entitlements;
				CODE_SIGN_STYLE = Automatic;
				COMBINE_HIDPI_IMAGES = YES;
				CURRENT_PROJECT_VERSION = 1;
				DEVELOPMENT_ASSET_PATHS = "\"SmallFFmpegLocal/Preview Content\"";
				DEVELOPMENT_TEAM = RK8YJ5ZZB6;
				ENABLE_HARDENED_RUNTIME = YES;
				ENABLE_PREVIEWS = YES;
				FRAMEWORK_SEARCH_PATHS = (
					"$(inherited)",
					"$(PROJECT_DIR)/SmallFFmpegLocal/**",
					"/Users/josevigil/repos/ffmpeg-kit-4.5.lts/prebuilt/bundle-apple-framework-macos/**",
					"$(PROJECT_DIR)/SmallFFmpegLocal",
				);
				GENERATE_INFOPLIST_FILE = YES;
				INFOPLIST_KEY_NSHumanReadableCopyright = "";
				LD_RUNPATH_SEARCH_PATHS = (
					"$(inherited)",
					"@executable_path/../Frameworks",
				);
				MARKETING_VERSION = 1.0;
				PRODUCT_BUNDLE_IDENTIFIER = com.notimaton.SmallFFmpegLocal;
				PRODUCT_NAME = "$(TARGET_NAME)";
				SWIFT_EMIT_LOC_STRINGS = YES;
				SWIFT_VERSION = 5.0;
			};
			name = Release;
		};
/* End XCBuildConfiguration section */

/* Begin XCConfigurationList section */
		099E7D5F2D015D06008D3DFE /* Build configuration list for PBXProject "SmallFFmpegLocal" */ = {
			isa = XCConfigurationList;
			buildConfigurations = (
				099E7D712D015D09008D3DFE /* Debug */,
				099E7D722D015D09008D3DFE /* Release */,
			);
			defaultConfigurationIsVisible = 0;
			defaultConfigurationName = Release;
		};
		099E7D732D015D09008D3DFE /* Build configuration list for PBXNativeTarget "SmallFFmpegLocal" */ = {
			isa = XCConfigurationList;
			buildConfigurations = (
				099E7D742D015D09008D3DFE /* Debug */,
				099E7D752D015D09008D3DFE /* Release */,
			);
			defaultConfigurationIsVisible = 0;
			defaultConfigurationName = Release;
		};
/* End XCConfigurationList section */
	};
	rootObject = 099E7D5C2D015D06008D3DFE /* Project object */;
}
